
Microsoft Visual Studio Solution File, Format Version 12.00
# Visual Studio Version 17
VisualStudioVersion = 17.10.35122.118
MinimumVisualStudioVersion = 10.0.40219.1
Project("{FAE04EC0-301F-11D3-BF4B-00C04F79EFBC}") = "EncryptionProject", "EncryptionProject\EncryptionProject.csproj", "{3C91C85B-EBD5-495D-BCDF-3E5B9E5E6D96}"
EndProject
Global
	GlobalSection(SolutionConfigurationPlatforms) = preSolution
		Debug|Any CPU = Debug|Any CPU
		Release|Any CPU = Release|Any CPU
	EndGlobalSection
	GlobalSection(ProjectConfigurationPlatforms) = postSolution
		{3C91C85B-EBD5-495D-BCDF-3E5B9E5E6D96}.Debug|Any CPU.ActiveCfg = Debug|Any CPU
		{3C91C85B-EBD5-495D-BCDF-3E5B9E5E6D96}.Debug|Any CPU.Build.0 = Debug|Any CPU
		{3C91C85B-EBD5-495D-BCDF-3E5B9E5E6D96}.Release|Any CPU.ActiveCfg = Release|Any CPU
		{3C91C85B-EBD5-495D-BCDF-3E5B9E5E6D96}.Release|Any CPU.Build.0 = Release|Any CPU
	EndGlobalSection
	GlobalSection(SolutionProperties) = preSolution
		HideSolutionNode = FALSE
	EndGlobalSection
	GlobalSection(ExtensibilityGlobals) = postSolution
		SolutionGuid = {475741B9-6CE4-4E06-A27C-77D41FDA4B07}
	EndGlobalSection
EndGlobal
